
Microsoft Visual Studio Solution File, Format Version 12.00
# Visual Studio Version 17
VisualStudioVersion = 17.6.33829.357
MinimumVisualStudioVersion = 10.0.40219.1
Project("{FAE04EC0-301F-11D3-BF4B-00C04F79EFBC}") = "GUI_Mundo", "GUI_Mundo.csproj", "{CEAA0211-02B7-4BE0-9230-5ADD0B3E3F3C}"
EndProject
Project("{FAE04EC0-301F-11D3-BF4B-00C04F79EFBC}") = "BLL_Mundo", "BLL_Mundo\BLL_Mundo.csproj", "{5A9E56D7-3220-4817-A8FA-AAFE5F96CB1B}"
EndProject
Project("{FAE04EC0-301F-11D3-BF4B-00C04F79EFBC}") = "DAL_Mundo", "DAL_Mundo\DAL_Mundo.csproj", "{5615B709-4F00-49D9-96A3-7648C800F370}"
EndProject
Project("{FAE04EC0-301F-11D3-BF4B-00C04F79EFBC}") = "ML_Mundo", "ML_Mundo\ML_Mundo.csproj", "{ADD4BEF9-E339-4F55-B224-A2790B1E2D8D}"
EndProject
Project("{FAE04EC0-301F-11D3-BF4B-00C04F79EFBC}") = "Reporteria", "Reporteria\Reporteria.csproj", "{EA75CE89-CA48-45DE-B33C-2E2D79F79B1F}"
EndProject
Project("{FAE04EC0-301F-11D3-BF4B-00C04F79EFBC}") = "Repor1", "Repor1\Repor1.csproj", "{6CA383DC-1E8A-4B0D-B541-9CDF747A4A1E}"
EndProject
Global
	GlobalSection(SolutionConfigurationPlatforms) = preSolution
		Debug|Any CPU = Debug|Any CPU
		Release|Any CPU = Release|Any CPU
	EndGlobalSection
	GlobalSection(ProjectConfigurationPlatforms) = postSolution
		{CEAA0211-02B7-4BE0-9230-5ADD0B3E3F3C}.Debug|Any CPU.ActiveCfg = Debug|Any CPU
		{CEAA0211-02B7-4BE0-9230-5ADD0B3E3F3C}.Debug|Any CPU.Build.0 = Debug|Any CPU
		{CEAA0211-02B7-4BE0-9230-5ADD0B3E3F3C}.Release|Any CPU.ActiveCfg = Release|Any CPU
		{CEAA0211-02B7-4BE0-9230-5ADD0B3E3F3C}.Release|Any CPU.Build.0 = Release|Any CPU
		{5A9E56D7-3220-4817-A8FA-AAFE5F96CB1B}.Debug|Any CPU.ActiveCfg = Debug|Any CPU
		{5A9E56D7-3220-4817-A8FA-AAFE5F96CB1B}.Debug|Any CPU.Build.0 = Debug|Any CPU
		{5A9E56D7-3220-4817-A8FA-AAFE5F96CB1B}.Release|Any CPU.ActiveCfg = Release|Any CPU
		{5A9E56D7-3220-4817-A8FA-AAFE5F96CB1B}.Release|Any CPU.Build.0 = Release|Any CPU
		{5615B709-4F00-49D9-96A3-7648C800F370}.Debug|Any CPU.ActiveCfg = Debug|Any CPU
		{5615B709-4F00-49D9-96A3-7648C800F370}.Debug|Any CPU.Build.0 = Debug|Any CPU
		{5615B709-4F00-49D9-96A3-7648C800F370}.Release|Any CPU.ActiveCfg = Release|Any CPU
		{5615B709-4F00-49D9-96A3-7648C800F370}.Release|Any CPU.Build.0 = Release|Any CPU
		{ADD4BEF9-E339-4F55-B224-A2790B1E2D8D}.Debug|Any CPU.ActiveCfg = Debug|Any CPU
		{ADD4BEF9-E339-4F55-B224-A2790B1E2D8D}.Debug|Any CPU.Build.0 = Debug|Any CPU
		{ADD4BEF9-E339-4F55-B224-A2790B1E2D8D}.Release|Any CPU.ActiveCfg = Release|Any CPU
		{ADD4BEF9-E339-4F55-B224-A2790B1E2D8D}.Release|Any CPU.Build.0 = Release|Any CPU
		{EA75CE89-CA48-45DE-B33C-2E2D79F79B1F}.Debug|Any CPU.ActiveCfg = Debug|Any CPU
		{EA75CE89-CA48-45DE-B33C-2E2D79F79B1F}.Debug|Any CPU.Build.0 = Debug|Any CPU
		{EA75CE89-CA48-45DE-B33C-2E2D79F79B1F}.Release|Any CPU.ActiveCfg = Release|Any CPU
		{EA75CE89-CA48-45DE-B33C-2E2D79F79B1F}.Release|Any CPU.Build.0 = Release|Any CPU
		{6CA383DC-1E8A-4B0D-B541-9CDF747A4A1E}.Debug|Any CPU.ActiveCfg = Debug|Any CPU
		{6CA383DC-1E8A-4B0D-B541-9CDF747A4A1E}.Debug|Any CPU.Build.0 = Debug|Any CPU
		{6CA383DC-1E8A-4B0D-B541-9CDF747A4A1E}.Release|Any CPU.ActiveCfg = Release|Any CPU
		{6CA383DC-1E8A-4B0D-B541-9CDF747A4A1E}.Release|Any CPU.Build.0 = Release|Any CPU
	EndGlobalSection
	GlobalSection(SolutionProperties) = preSolution
		HideSolutionNode = FALSE
	EndGlobalSection
	GlobalSection(ExtensibilityGlobals) = postSolution
		SolutionGuid = {113C6B41-B138-47B0-9BB1-E4510853A397}
	EndGlobalSection
EndGlobal
